{
    "_readme": [
        "This file locks the dependencies of your project to a known state",
        "Read more about it at https://getcomposer.org/doc/01-basic-usage.md#installing-dependencies",
        "This file is @generated automatically"
    ],
    "content-hash": "bbdd0005e5168f05232bf94be1fc5778",
    "packages": [
        {
            "name": "psr/log",
            "version": "1.1.4",
            "source": {
                "type": "git",
                "url": "https://github.com/php-fig/log.git",
                "reference": "d49695b909c3b7628b6289db5479a1c204601f11"
            },
            "dist": {
                "type": "zip",
                "url": "https://api.github.com/repos/php-fig/log/zipball/d49695b909c3b7628b6289db5479a1c204601f11",
                "reference": "d49695b909c3b7628b6289db5479a1c204601f11",
                "shasum": ""
            },
            "require": {
                "php": ">=5.3.0"
            },
            "type": "library",
            "extra": {
                "branch-alias": {
                    "dev-master": "1.1.x-dev"
                }
            },
            "autoload": {
                "psr-4": {
                    "Psr\\Log\\": "Psr/Log/"
                }
            },
            "notification-url": "https://packagist.org/downloads/",
            "license": [
                "MIT"
            ],
            "authors": [
                {
                    "name": "PHP-FIG",
                    "homepage": "https://www.php-fig.org/"
                }
            ],
            "description": "Common interface for logging libraries",
            "homepage": "https://github.com/php-fig/log",
            "keywords": [
                "log",
                "psr",
                "psr-3"
            ],
            "support": {
                "source": "https://github.com/php-fig/log/tree/1.1.4"
            },
            "time": "2021-05-03T11:20:27+00:00"
        }
    ],
    "packages-dev": [
        {
            "name": "league/csv",
            "version": "9.6.2",
            "source": {
                "type": "git",
                "url": "https://github.com/thephpleague/csv.git",
                "reference": "f28da6e483bf979bac10e2add384c90ae9983e4e"
            },
            "dist": {
                "type": "zip",
                "url": "https://api.github.com/repos/thephpleague/csv/zipball/f28da6e483bf979bac10e2add384c90ae9983e4e",
                "reference": "f28da6e483bf979bac10e2add384c90ae9983e4e",
                "shasum": ""
            },
            "require": {
                "ext-json": "*",
                "ext-mbstring": "*",
                "php": ">=7.2.5"
            },
            "require-dev": {
                "ext-curl": "*",
                "ext-dom": "*",
                "friendsofphp/php-cs-fixer": "^2.16",
                "phpstan/phpstan": "^0.12.0",
                "phpstan/phpstan-phpunit": "^0.12.0",
                "phpstan/phpstan-strict-rules": "^0.12.0",
                "phpunit/phpunit": "^8.5"
            },
            "suggest": {
                "ext-dom": "Required to use the XMLConverter and or the HTMLConverter classes",
                "ext-iconv": "Needed to ease transcoding CSV using iconv stream filters"
            },
            "type": "library",
            "extra": {
                "branch-alias": {
                    "dev-master": "9.x-dev"
                }
            },
            "autoload": {
                "files": [
                    "src/functions_include.php"
                ],
                "psr-4": {
                    "League\\Csv\\": "src"
                }
            },
            "notification-url": "https://packagist.org/downloads/",
            "license": [
                "MIT"
            ],
            "authors": [
                {
                    "name": "Ignace Nyamagana Butera",
                    "email": "nyamsprod@gmail.com",
                    "homepage": "https://github.com/nyamsprod/",
                    "role": "Developer"
                }
            ],
            "description": "CSV data manipulation made easy in PHP",
            "homepage": "http://csv.thephpleague.com",
            "keywords": [
                "convert",
                "csv",
                "export",
                "filter",
                "import",
                "read",
                "transform",
                "write"
            ],
            "support": {
                "docs": "https://csv.thephpleague.com",
                "issues": "https://github.com/thephpleague/csv/issues",
                "rss": "https://github.com/thephpleague/csv/releases.atom",
                "source": "https://github.com/thephpleague/csv"
            },
            "funding": [
                {
                    "url": "https://github.com/sponsors/nyamsprod",
                    "type": "github"
                }
            ],
            "time": "2020-12-10T19:40:30+00:00"
        }
    ],
    "aliases": [],
    "minimum-stability": "stable",
    "stability-flags": [],
    "prefer-stable": false,
    "prefer-lowest": false,
    "platform": {
        "php": "^7.2 || ^8"
    },
    "platform-dev": [],
    "platform-overrides": {
        "php": "7.2.5"
    },
    "plugin-api-version": "2.3.0"
}
